// !$*UTF8*$!
{
	archiveVersion = 1;
	classes = {
	};
	objectVersion = 56;
	objects = {

/* Begin PBXBuildFile section */
		4939DCBF2A38E4C600FD2256 /* Configuration.swift in Sources */ = {isa = PBXBuildFile; fileRef = 4939DCBE2A38E4C600FD2256 /* Configuration.swift */; };
		4939DCC12A38E57B00FD2256 /* HemisphereViewController.swift in Sources */ = {isa = PBXBuildFile; fileRef = 4939DCC02A38E57B00FD2256 /* HemisphereViewController.swift */; };
		4939DCC42A38E5CF00FD2256 /* FirebaseAuth in Frameworks */ = {isa = PBXBuildFile; productRef = 4939DCC32A38E5CF00FD2256 /* FirebaseAuth */; };
		4939DCC62A38E5F500FD2256 /* PopUp.swift in Sources */ = {isa = PBXBuildFile; fileRef = 4939DCC52A38E5F500FD2256 /* PopUp.swift */; };
		4939DCC82A38E6E600FD2256 /* SignInViewController.swift in Sources */ = {isa = PBXBuildFile; fileRef = 4939DCC72A38E6E600FD2256 /* SignInViewController.swift */; };
		4939DCCA2A38E97500FD2256 /* RegisterViewController.swift in Sources */ = {isa = PBXBuildFile; fileRef = 4939DCC92A38E97500FD2256 /* RegisterViewController.swift */; };
		4939DCCC2A38E9A600FD2256 /* WeatherInputViewController.swift in Sources */ = {isa = PBXBuildFile; fileRef = 4939DCCB2A38E9A600FD2256 /* WeatherInputViewController.swift */; };
		4939DCD02A38EAF000FD2256 /* GoogleService-Info.plist in Resources */ = {isa = PBXBuildFile; fileRef = 4939DCCF2A38EAF000FD2256 /* GoogleService-Info.plist */; };
		4939DCD42A38EB2600FD2256 /* PopUp.xib in Resources */ = {isa = PBXBuildFile; fileRef = 4939DCD32A38EB2600FD2256 /* PopUp.xib */; };
		497119432A229E4700267F2B /* AppDelegate.swift in Sources */ = {isa = PBXBuildFile; fileRef = 497119422A229E4700267F2B /* AppDelegate.swift */; };
		497119452A229E4700267F2B /* SceneDelegate.swift in Sources */ = {isa = PBXBuildFile; fileRef = 497119442A229E4700267F2B /* SceneDelegate.swift */; };
		497119472A229E4700267F2B /* ViewController.swift in Sources */ = {isa = PBXBuildFile; fileRef = 497119462A229E4700267F2B /* ViewController.swift */; };
		4971194A2A229E4700267F2B /* Main.storyboard in Resources */ = {isa = PBXBuildFile; fileRef = 497119482A229E4700267F2B /* Main.storyboard */; };
		4971194C2A229E4800267F2B /* Assets.xcassets in Resources */ = {isa = PBXBuildFile; fileRef = 4971194B2A229E4800267F2B /* Assets.xcassets */; };
		4971194F2A229E4800267F2B /* LaunchScreen.storyboard in Resources */ = {isa = PBXBuildFile; fileRef = 4971194D2A229E4800267F2B /* LaunchScreen.storyboard */; };
		49B811212A3BB11B00A26C10 /* WeatherListViewController.swift in Sources */ = {isa = PBXBuildFile; fileRef = 49B811202A3BB11B00A26C10 /* WeatherListViewController.swift */; };
		49B811232A3D1CFA00A26C10 /* WeatherDetailViewController.swift in Sources */ = {isa = PBXBuildFile; fileRef = 49B811222A3D1CFA00A26C10 /* WeatherDetailViewController.swift */; };
/* End PBXBuildFile section */

/* Begin PBXFileReference section */
		4939DCBE2A38E4C600FD2256 /* Configuration.swift */ = {isa = PBXFileReference; lastKnownFileType = sourcecode.swift; path = Configuration.swift; sourceTree = "<group>"; };
		4939DCC02A38E57B00FD2256 /* HemisphereViewController.swift */ = {isa = PBXFileReference; lastKnownFileType = sourcecode.swift; path = HemisphereViewController.swift; sourceTree = "<group>"; };
		4939DCC52A38E5F500FD2256 /* PopUp.swift */ = {isa = PBXFileReference; lastKnownFileType = sourcecode.swift; path = PopUp.swift; sourceTree = "<group>"; };
		4939DCC72A38E6E600FD2256 /* SignInViewController.swift */ = {isa = PBXFileReference; lastKnownFileType = sourcecode.swift; path = SignInViewController.swift; sourceTree = "<group>"; };
		4939DCC92A38E97500FD2256 /* RegisterViewController.swift */ = {isa = PBXFileReference; lastKnownFileType = sourcecode.swift; path = RegisterViewController.swift; sourceTree = "<group>"; };
		4939DCCB2A38E9A600FD2256 /* WeatherInputViewController.swift */ = {isa = PBXFileReference; lastKnownFileType = sourcecode.swift; path = WeatherInputViewController.swift; sourceTree = "<group>"; };
		4939DCCF2A38EAF000FD2256 /* GoogleService-Info.plist */ = {isa = PBXFileReference; fileEncoding = 4; lastKnownFileType = text.plist.xml; path = "GoogleService-Info.plist"; sourceTree = "<group>"; };
		4939DCD32A38EB2600FD2256 /* PopUp.xib */ = {isa = PBXFileReference; fileEncoding = 4; lastKnownFileType = file.xib; path = PopUp.xib; sourceTree = "<group>"; };
		4971193F2A229E4700267F2B /* ACMSC.app */ = {isa = PBXFileReference; explicitFileType = wrapper.application; includeInIndex = 0; path = ACMSC.app; sourceTree = BUILT_PRODUCTS_DIR; };
		497119422A229E4700267F2B /* AppDelegate.swift */ = {isa = PBXFileReference; lastKnownFileType = sourcecode.swift; path = AppDelegate.swift; sourceTree = "<group>"; };
		497119442A229E4700267F2B /* SceneDelegate.swift */ = {isa = PBXFileReference; lastKnownFileType = sourcecode.swift; path = SceneDelegate.swift; sourceTree = "<group>"; };
		497119462A229E4700267F2B /* ViewController.swift */ = {isa = PBXFileReference; lastKnownFileType = sourcecode.swift; path = ViewController.swift; sourceTree = "<group>"; };
		497119492A229E4700267F2B /* Base */ = {isa = PBXFileReference; lastKnownFileType = file.storyboard; name = Base; path = Base.lproj/Main.storyboard; sourceTree = "<group>"; };
		4971194B2A229E4800267F2B /* Assets.xcassets */ = {isa = PBXFileReference; lastKnownFileType = folder.assetcatalog; path = Assets.xcassets; sourceTree = "<group>"; };
		4971194E2A229E4800267F2B /* Base */ = {isa = PBXFileReference; lastKnownFileType = file.storyboard; name = Base; path = Base.lproj/LaunchScreen.storyboard; sourceTree = "<group>"; };
		497119502A229E4800267F2B /* Info.plist */ = {isa = PBXFileReference; lastKnownFileType = text.plist.xml; path = Info.plist; sourceTree = "<group>"; };
		49B811202A3BB11B00A26C10 /* WeatherListViewController.swift */ = {isa = PBXFileReference; lastKnownFileType = sourcecode.swift; path = WeatherListViewController.swift; sourceTree = "<group>"; };
		49B811222A3D1CFA00A26C10 /* WeatherDetailViewController.swift */ = {isa = PBXFileReference; lastKnownFileType = sourcecode.swift; path = WeatherDetailViewController.swift; sourceTree = "<group>"; };
/* End PBXFileReference section */

/* Begin PBXFrameworksBuildPhase section */
		4971193C2A229E4700267F2B /* Frameworks */ = {
			isa = PBXFrameworksBuildPhase;
			buildActionMask = 2147483647;
			files = (
				4939DCC42A38E5CF00FD2256 /* FirebaseAuth in Frameworks */,
			);
			runOnlyForDeploymentPostprocessing = 0;
		};
/* End PBXFrameworksBuildPhase section */

/* Begin PBXGroup section */
		497119362A229E4700267F2B = {
			isa = PBXGroup;
			children = (
				497119412A229E4700267F2B /* ACMSC */,
				497119402A229E4700267F2B /* Products */,
			);
			sourceTree = "<group>";
		};
		497119402A229E4700267F2B /* Products */ = {
			isa = PBXGroup;
			children = (
				4971193F2A229E4700267F2B /* ACMSC.app */,
			);
			name = Products;
			sourceTree = "<group>";
		};
		497119412A229E4700267F2B /* ACMSC */ = {
			isa = PBXGroup;
			children = (
				497119422A229E4700267F2B /* AppDelegate.swift */,
				497119442A229E4700267F2B /* SceneDelegate.swift */,
				497119462A229E4700267F2B /* ViewController.swift */,
				4939DCC02A38E57B00FD2256 /* HemisphereViewController.swift */,
				4939DCC72A38E6E600FD2256 /* SignInViewController.swift */,
				4939DCC92A38E97500FD2256 /* RegisterViewController.swift */,
				49B811202A3BB11B00A26C10 /* WeatherListViewController.swift */,
				49B811222A3D1CFA00A26C10 /* WeatherDetailViewController.swift */,
				4939DCCB2A38E9A600FD2256 /* WeatherInputViewController.swift */,
				4939DCC52A38E5F500FD2256 /* PopUp.swift */,
				4939DCD32A38EB2600FD2256 /* PopUp.xib */,
				4939DCBE2A38E4C600FD2256 /* Configuration.swift */,
				4939DCCF2A38EAF000FD2256 /* GoogleService-Info.plist */,
				497119482A229E4700267F2B /* Main.storyboard */,
				4971194B2A229E4800267F2B /* Assets.xcassets */,
				4971194D2A229E4800267F2B /* LaunchScreen.storyboard */,
				497119502A229E4800267F2B /* Info.plist */,
			);
			path = ACMSC;
			sourceTree = "<group>";
		};
/* End PBXGroup section */

/* Begin PBXNativeTarget section */
		4971193E2A229E4700267F2B /* ACMSC */ = {
			isa = PBXNativeTarget;
			buildConfigurationList = 497119532A229E4800267F2B /* Build configuration list for PBXNativeTarget "ACMSC" */;
			buildPhases = (
				4971193B2A229E4700267F2B /* Sources */,
				4971193C2A229E4700267F2B /* Frameworks */,
				4971193D2A229E4700267F2B /* Resources */,
			);
			buildRules = (
			);
			dependencies = (
			);
			name = ACMSC;
			packageProductDependencies = (
				4939DCC32A38E5CF00FD2256 /* FirebaseAuth */,
			);
			productName = ACMSC;
			productReference = 4971193F2A229E4700267F2B /* ACMSC.app */;
			productType = "com.apple.product-type.application";
		};
/* End PBXNativeTarget section */

/* Begin PBXProject section */
		497119372A229E4700267F2B /* Project object */ = {
			isa = PBXProject;
			attributes = {
				BuildIndependentTargetsInParallel = 1;
				LastSwiftUpdateCheck = 1430;
				LastUpgradeCheck = 1430;
				TargetAttributes = {
					4971193E2A229E4700267F2B = {
						CreatedOnToolsVersion = 14.3;
					};
				};
			};
			buildConfigurationList = 4971193A2A229E4700267F2B /* Build configuration list for PBXProject "ACMSC" */;
			compatibilityVersion = "Xcode 14.0";
			developmentRegion = en;
			hasScannedForEncodings = 0;
			knownRegions = (
				en,
				Base,
			);
			mainGroup = 497119362A229E4700267F2B;
			packageReferences = (
				4939DCC22A38E5CF00FD2256 /* XCRemoteSwiftPackageReference "firebase-ios-sdk" */,
			);
			productRefGroup = 497119402A229E4700267F2B /* Products */;
			projectDirPath = "";
			projectRoot = "";
			targets = (
				4971193E2A229E4700267F2B /* ACMSC */,
			);
		};
/* End PBXProject section */

/* Begin PBXResourcesBuildPhase section */
		4971193D2A229E4700267F2B /* Resources */ = {
			isa = PBXResourcesBuildPhase;
			buildActionMask = 2147483647;
			files = (
				4971194F2A229E4800267F2B /* LaunchScreen.storyboard in Resources */,
				4939DCD02A38EAF000FD2256 /* GoogleService-Info.plist in Resources */,
				4971194C2A229E4800267F2B /* Assets.xcassets in Resources */,
				4939DCD42A38EB2600FD2256 /* PopUp.xib in Resources */,
				4971194A2A229E4700267F2B /* Main.storyboard in Resources */,
			);
			runOnlyForDeploymentPostprocessing = 0;
		};
/* End PBXResourcesBuildPhase section */

/* Begin PBXSourcesBuildPhase section */
		4971193B2A229E4700267F2B /* Sources */ = {
			isa = PBXSourcesBuildPhase;
			buildActionMask = 2147483647;
			files = (
				4939DCC82A38E6E600FD2256 /* SignInViewController.swift in Sources */,
				4939DCCC2A38E9A600FD2256 /* WeatherInputViewController.swift in Sources */,
				4939DCC12A38E57B00FD2256 /* HemisphereViewController.swift in Sources */,
				497119472A229E4700267F2B /* ViewController.swift in Sources */,
				4939DCCA2A38E97500FD2256 /* RegisterViewController.swift in Sources */,
				497119432A229E4700267F2B /* AppDelegate.swift in Sources */,
				4939DCBF2A38E4C600FD2256 /* Configuration.swift in Sources */,
				4939DCC62A38E5F500FD2256 /* PopUp.swift in Sources */,
				49B811212A3BB11B00A26C10 /* WeatherListViewController.swift in Sources */,
				49B811232A3D1CFA00A26C10 /* WeatherDetailViewController.swift in Sources */,
				497119452A229E4700267F2B /* SceneDelegate.swift in Sources */,
			);
			runOnlyForDeploymentPostprocessing = 0;
		};
/* End PBXSourcesBuildPhase section */

/* Begin PBXVariantGroup section */
		497119482A229E4700267F2B /* Main.storyboard */ = {
			isa = PBXVariantGroup;
			children = (
				497119492A229E4700267F2B /* Base */,
			);
			name = Main.storyboard;
			sourceTree = "<group>";
		};
		4971194D2A229E4800267F2B /* LaunchScreen.storyboard */ = {
			isa = PBXVariantGroup;
			children = (
				4971194E2A229E4800267F2B /* Base */,
			);
			name = LaunchScreen.storyboard;
			sourceTree = "<group>";
		};
/* End PBXVariantGroup section */

/* Begin XCBuildConfiguration section */
		497119512A229E4800267F2B /* Debug */ = {
			isa = XCBuildConfiguration;
			buildSettings = {
				ALWAYS_SEARCH_USER_PATHS = NO;
				CLANG_ANALYZER_NONNULL = YES;
				CLANG_ANALYZER_NUMBER_OBJECT_CONVERSION = YES_AGGRESSIVE;
				CLANG_CXX_LANGUAGE_STANDARD = "gnu++20";
				CLANG_ENABLE_MODULES = YES;
				CLANG_ENABLE_OBJC_ARC = YES;
				CLANG_ENABLE_OBJC_WEAK = YES;
				CLANG_WARN_BLOCK_CAPTURE_AUTORELEASING = YES;
				CLANG_WARN_BOOL_CONVERSION = YES;
				CLANG_WARN_COMMA = YES;
				CLANG_WARN_CONSTANT_CONVERSION = YES;
				CLANG_WARN_DEPRECATED_OBJC_IMPLEMENTATIONS = YES;
				CLANG_WARN_DIRECT_OBJC_ISA_USAGE = YES_ERROR;
				CLANG_WARN_DOCUMENTATION_COMMENTS = YES;
				CLANG_WARN_EMPTY_BODY = YES;
				CLANG_WARN_ENUM_CONVERSION = YES;
				CLANG_WARN_INFINITE_RECURSION = YES;
				CLANG_WARN_INT_CONVERSION = YES;
				CLANG_WARN_NON_LITERAL_NULL_CONVERSION = YES;
				CLANG_WARN_OBJC_IMPLICIT_RETAIN_SELF = YES;
				CLANG_WARN_OBJC_LITERAL_CONVERSION = YES;
				CLANG_WARN_OBJC_ROOT_CLASS = YES_ERROR;
				CLANG_WARN_QUOTED_INCLUDE_IN_FRAMEWORK_HEADER = YES;
				CLANG_WARN_RANGE_LOOP_ANALYSIS = YES;
				CLANG_WARN_STRICT_PROTOTYPES = YES;
				CLANG_WARN_SUSPICIOUS_MOVE = YES;
				CLANG_WARN_UNGUARDED_AVAILABILITY = YES_AGGRESSIVE;
				CLANG_WARN_UNREACHABLE_CODE = YES;
				CLANG_WARN__DUPLICATE_METHOD_MATCH = YES;
				COPY_PHASE_STRIP = NO;
				DEBUG_INFORMATION_FORMAT = dwarf;
				ENABLE_STRICT_OBJC_MSGSEND = YES;
				ENABLE_TESTABILITY = YES;
				GCC_C_LANGUAGE_STANDARD = gnu11;
				GCC_DYNAMIC_NO_PIC = NO;
				GCC_NO_COMMON_BLOCKS = YES;
				GCC_OPTIMIZATION_LEVEL = 0;
				GCC_PREPROCESSOR_DEFINITIONS = (
					"DEBUG=1",
					"$(inherited)",
				);
				GCC_WARN_64_TO_32_BIT_CONVERSION = YES;
				GCC_WARN_ABOUT_RETURN_TYPE = YES_ERROR;
				GCC_WARN_UNDECLARED_SELECTOR = YES;
				GCC_WARN_UNINITIALIZED_AUTOS = YES_AGGRESSIVE;
				GCC_WARN_UNUSED_FUNCTION = YES;
				GCC_WARN_UNUSED_VARIABLE = YES;
				IPHONEOS_DEPLOYMENT_TARGET = 16.4;
				MTL_ENABLE_DEBUG_INFO = INCLUDE_SOURCE;
				MTL_FAST_MATH = YES;
				ONLY_ACTIVE_ARCH = YES;
				SDKROOT = iphoneos;
				SWIFT_ACTIVE_COMPILATION_CONDITIONS = DEBUG;
				SWIFT_OPTIMIZATION_LEVEL = "-Onone";
			};
			name = Debug;
		};
		497119522A229E4800267F2B /* Release */ = {
			isa = XCBuildConfiguration;
			buildSettings = {
				ALWAYS_SEARCH_USER_PATHS = NO;
				CLANG_ANALYZER_NONNULL = YES;
				CLANG_ANALYZER_NUMBER_OBJECT_CONVERSION = YES_AGGRESSIVE;
				CLANG_CXX_LANGUAGE_STANDARD = "gnu++20";
				CLANG_ENABLE_MODULES = YES;
				CLANG_ENABLE_OBJC_ARC = YES;
				CLANG_ENABLE_OBJC_WEAK = YES;
				CLANG_WARN_BLOCK_CAPTURE_AUTORELEASING = YES;
				CLANG_WARN_BOOL_CONVERSION = YES;
				CLANG_WARN_COMMA = YES;
				CLANG_WARN_CONSTANT_CONVERSION = YES;
				CLANG_WARN_DEPRECATED_OBJC_IMPLEMENTATIONS = YES;
				CLANG_WARN_DIRECT_OBJC_ISA_USAGE = YES_ERROR;
				CLANG_WARN_DOCUMENTATION_COMMENTS = YES;
				CLANG_WARN_EMPTY_BODY = YES;
				CLANG_WARN_ENUM_CONVERSION = YES;
				CLANG_WARN_INFINITE_RECURSION = YES;
				CLANG_WARN_INT_CONVERSION = YES;
				CLANG_WARN_NON_LITERAL_NULL_CONVERSION = YES;
				CLANG_WARN_OBJC_IMPLICIT_RETAIN_SELF = YES;
				CLANG_WARN_OBJC_LITERAL_CONVERSION = YES;
				CLANG_WARN_OBJC_ROOT_CLASS = YES_ERROR;
				CLANG_WARN_QUOTED_INCLUDE_IN_FRAMEWORK_HEADER = YES;
				CLANG_WARN_RANGE_LOOP_ANALYSIS = YES;
				CLANG_WARN_STRICT_PROTOTYPES = YES;
				CLANG_WARN_SUSPICIOUS_MOVE = YES;
				CLANG_WARN_UNGUARDED_AVAILABILITY = YES_AGGRESSIVE;
				CLANG_WARN_UNREACHABLE_CODE = YES;
				CLANG_WARN__DUPLICATE_METHOD_MATCH = YES;
				COPY_PHASE_STRIP = NO;
				DEBUG_INFORMATION_FORMAT = "dwarf-with-dsym";
				ENABLE_NS_ASSERTIONS = NO;
				ENABLE_STRICT_OBJC_MSGSEND = YES;
				GCC_C_LANGUAGE_STANDARD = gnu11;
				GCC_NO_COMMON_BLOCKS = YES;
				GCC_WARN_64_TO_32_BIT_CONVERSION = YES;
				GCC_WARN_ABOUT_RETURN_TYPE = YES_ERROR;
				GCC_WARN_UNDECLARED_SELECTOR = YES;
				GCC_WARN_UNINITIALIZED_AUTOS = YES_AGGRESSIVE;
				GCC_WARN_UNUSED_FUNCTION = YES;
				GCC_WARN_UNUSED_VARIABLE = YES;
				IPHONEOS_DEPLOYMENT_TARGET = 16.4;
				MTL_ENABLE_DEBUG_INFO = NO;
				MTL_FAST_MATH = YES;
				SDKROOT = iphoneos;
				SWIFT_COMPILATION_MODE = wholemodule;
				SWIFT_OPTIMIZATION_LEVEL = "-O";
				VALIDATE_PRODUCT = YES;
			};
			name = Release;
		};
		497119542A229E4800267F2B /* Debug */ = {
			isa = XCBuildConfiguration;
			buildSettings = {
				ASSETCATALOG_COMPILER_APPICON_NAME = AppIcon;
				ASSETCATALOG_COMPILER_GLOBAL_ACCENT_COLOR_NAME = AccentColor;
				CODE_SIGN_STYLE = Automatic;
				CURRENT_PROJECT_VERSION = 1;
				DEVELOPMENT_TEAM = LLA2Q6RPL8;
				GENERATE_INFOPLIST_FILE = YES;
				INFOPLIST_FILE = ACMSC/Info.plist;
				INFOPLIST_KEY_UIApplicationSupportsIndirectInputEvents = YES;
				INFOPLIST_KEY_UILaunchStoryboardName = LaunchScreen;
				INFOPLIST_KEY_UIMainStoryboardFile = Main;
				INFOPLIST_KEY_UISupportedInterfaceOrientations_iPad = "UIInterfaceOrientationPortrait UIInterfaceOrientationPortraitUpsideDown UIInterfaceOrientationLandscapeLeft UIInterfaceOrientationLandscapeRight";
				INFOPLIST_KEY_UISupportedInterfaceOrientations_iPhone = "UIInterfaceOrientationPortrait UIInterfaceOrientationLandscapeLeft UIInterfaceOrientationLandscapeRight";
				LD_RUNPATH_SEARCH_PATHS = (
					"$(inherited)",
					"@executable_path/Frameworks",
				);
				MARKETING_VERSION = 1.0;
				PRODUCT_BUNDLE_IDENTIFIER = com.mia.ACMSC;
				PRODUCT_NAME = "$(TARGET_NAME)";
				SWIFT_EMIT_LOC_STRINGS = YES;
				SWIFT_VERSION = 5.0;
				TARGETED_DEVICE_FAMILY = "1,2";
			};
			name = Debug;
		};
		497119552A229E4800267F2B /* Release */ = {
			isa = XCBuildConfiguration;
			buildSettings = {
				ASSETCATALOG_COMPILER_APPICON_NAME = AppIcon;
				ASSETCATALOG_COMPILER_GLOBAL_ACCENT_COLOR_NAME = AccentColor;
				CODE_SIGN_STYLE = Automatic;
				CURRENT_PROJECT_VERSION = 1;
				DEVELOPMENT_TEAM = LLA2Q6RPL8;
				GENERATE_INFOPLIST_FILE = YES;
				INFOPLIST_FILE = ACMSC/Info.plist;
				INFOPLIST_KEY_UIApplicationSupportsIndirectInputEvents = YES;
				INFOPLIST_KEY_UILaunchStoryboardName = LaunchScreen;
				INFOPLIST_KEY_UIMainStoryboardFile = Main;
				INFOPLIST_KEY_UISupportedInterfaceOrientations_iPad = "UIInterfaceOrientationPortrait UIInterfaceOrientationPortraitUpsideDown UIInterfaceOrientationLandscapeLeft UIInterfaceOrientationLandscapeRight";
				INFOPLIST_KEY_UISupportedInterfaceOrientations_iPhone = "UIInterfaceOrientationPortrait UIInterfaceOrientationLandscapeLeft UIInterfaceOrientationLandscapeRight";
				LD_RUNPATH_SEARCH_PATHS = (
					"$(inherited)",
					"@executable_path/Frameworks",
				);
				MARKETING_VERSION = 1.0;
				PRODUCT_BUNDLE_IDENTIFIER = com.mia.ACMSC;
				PRODUCT_NAME = "$(TARGET_NAME)";
				SWIFT_EMIT_LOC_STRINGS = YES;
				SWIFT_VERSION = 5.0;
				TARGETED_DEVICE_FAMILY = "1,2";
			};
			name = Release;
		};
/* End XCBuildConfiguration section */

/* Begin XCConfigurationList section */
		4971193A2A229E4700267F2B /* Build configuration list for PBXProject "ACMSC" */ = {
			isa = XCConfigurationList;
			buildConfigurations = (
				497119512A229E4800267F2B /* Debug */,
				497119522A229E4800267F2B /* Release */,
			);
			defaultConfigurationIsVisible = 0;
			defaultConfigurationName = Release;
		};
		497119532A229E4800267F2B /* Build configuration list for PBXNativeTarget "ACMSC" */ = {
			isa = XCConfigurationList;
			buildConfigurations = (
				497119542A229E4800267F2B /* Debug */,
				497119552A229E4800267F2B /* Release */,
			);
			defaultConfigurationIsVisible = 0;
			defaultConfigurationName = Release;
		};
/* End XCConfigurationList section */

/* Begin XCRemoteSwiftPackageReference section */
		4939DCC22A38E5CF00FD2256 /* XCRemoteSwiftPackageReference "firebase-ios-sdk" */ = {
			isa = XCRemoteSwiftPackageReference;
			repositoryURL = "https://github.com/firebase/firebase-ios-sdk";
			requirement = {
				kind = upToNextMajorVersion;
				minimumVersion = 10.0.0;
			};
		};
/* End XCRemoteSwiftPackageReference section */

/* Begin XCSwiftPackageProductDependency section */
		4939DCC32A38E5CF00FD2256 /* FirebaseAuth */ = {
			isa = XCSwiftPackageProductDependency;
			package = 4939DCC22A38E5CF00FD2256 /* XCRemoteSwiftPackageReference "firebase-ios-sdk" */;
			productName = FirebaseAuth;
		};
/* End XCSwiftPackageProductDependency section */
	};
	rootObject = 497119372A229E4700267F2B /* Project object */;
}
